
Microsoft Visual Studio Solution File, Format Version 12.00
# Visual Studio 15
VisualStudioVersion = 15.0.27130.2024
MinimumVisualStudioVersion = 10.0.40219.1
Project("{FAE04EC0-301F-11D3-BF4B-00C04F79EFBC}") = "ProductDemo", "ProductDemo\ProductDemo.csproj", "{C8826863-2EB9-4FDA-B697-357F9DD9C211}"
EndProject
Global
	GlobalSection(SolutionConfigurationPlatforms) = preSolution
		Debug|Any CPU = Debug|Any CPU
		Release|Any CPU = Release|Any CPU
	EndGlobalSection
	GlobalSection(ProjectConfigurationPlatforms) = postSolution
		{C8826863-2EB9-4FDA-B697-357F9DD9C211}.Debug|Any CPU.ActiveCfg = Debug|Any CPU
		{C8826863-2EB9-4FDA-B697-357F9DD9C211}.Debug|Any CPU.Build.0 = Debug|Any CPU
		{C8826863-2EB9-4FDA-B697-357F9DD9C211}.Release|Any CPU.ActiveCfg = Release|Any CPU
		{C8826863-2EB9-4FDA-B697-357F9DD9C211}.Release|Any CPU.Build.0 = Release|Any CPU
	EndGlobalSection
	GlobalSection(SolutionProperties) = preSolution
		HideSolutionNode = FALSE
	EndGlobalSection
	GlobalSection(ExtensibilityGlobals) = postSolution
		SolutionGuid = {FE68536C-2DF1-4A80-9CBA-2298FD956D3D}
	EndGlobalSection
EndGlobal
